
Microsoft Visual Studio Solution File, Format Version 12.00
# Visual Studio Version 17
VisualStudioVersion = 17.7.34003.232
MinimumVisualStudioVersion = 10.0.40219.1
Project("{FAE04EC0-301F-11D3-BF4B-00C04F79EFBC}") = "BlazorApp1", "BlazorApp1\BlazorApp1.csproj", "{C0BAC609-F2FA-4AAD-B518-6709899DA64A}"
EndProject
Project("{FAE04EC0-301F-11D3-BF4B-00C04F79EFBC}") = "BlazorServices", "BlazorServices\BlazorServices.csproj", "{4E622F39-6C2A-44D1-AEC6-7F78D1CF46D5}"
EndProject
Global
	GlobalSection(SolutionConfigurationPlatforms) = preSolution
		Debug|Any CPU = Debug|Any CPU
		Release|Any CPU = Release|Any CPU
	EndGlobalSection
	GlobalSection(ProjectConfigurationPlatforms) = postSolution
		{C0BAC609-F2FA-4AAD-B518-6709899DA64A}.Debug|Any CPU.ActiveCfg = Debug|Any CPU
		{C0BAC609-F2FA-4AAD-B518-6709899DA64A}.Debug|Any CPU.Build.0 = Debug|Any CPU
		{C0BAC609-F2FA-4AAD-B518-6709899DA64A}.Release|Any CPU.ActiveCfg = Release|Any CPU
		{C0BAC609-F2FA-4AAD-B518-6709899DA64A}.Release|Any CPU.Build.0 = Release|Any CPU
		{4E622F39-6C2A-44D1-AEC6-7F78D1CF46D5}.Debug|Any CPU.ActiveCfg = Debug|Any CPU
		{4E622F39-6C2A-44D1-AEC6-7F78D1CF46D5}.Debug|Any CPU.Build.0 = Debug|Any CPU
		{4E622F39-6C2A-44D1-AEC6-7F78D1CF46D5}.Release|Any CPU.ActiveCfg = Release|Any CPU
		{4E622F39-6C2A-44D1-AEC6-7F78D1CF46D5}.Release|Any CPU.Build.0 = Release|Any CPU
	EndGlobalSection
	GlobalSection(SolutionProperties) = preSolution
		HideSolutionNode = FALSE
	EndGlobalSection
	GlobalSection(ExtensibilityGlobals) = postSolution
		SolutionGuid = {32DE721D-D01D-4FD2-91A6-0A997C0DBCE5}
	EndGlobalSection
EndGlobal
